
Microsoft Visual Studio Solution File, Format Version 12.00
# Visual Studio 15
VisualStudioVersion = 15.0.28010.2036
MinimumVisualStudioVersion = 10.0.40219.1
Project("{FAE04EC0-301F-11D3-BF4B-00C04F79EFBC}") = "Almost chess", "Almost chess\Almost chess.csproj", "{BB9A93F0-5F48-4321-A49D-AC0B6DDF4294}"
EndProject
Global
	GlobalSection(SolutionConfigurationPlatforms) = preSolution
		Debug|Any CPU = Debug|Any CPU
		Release|Any CPU = Release|Any CPU
	EndGlobalSection
	GlobalSection(ProjectConfigurationPlatforms) = postSolution
		{BB9A93F0-5F48-4321-A49D-AC0B6DDF4294}.Debug|Any CPU.ActiveCfg = Debug|Any CPU
		{BB9A93F0-5F48-4321-A49D-AC0B6DDF4294}.Debug|Any CPU.Build.0 = Debug|Any CPU
		{BB9A93F0-5F48-4321-A49D-AC0B6DDF4294}.Release|Any CPU.ActiveCfg = Release|Any CPU
		{BB9A93F0-5F48-4321-A49D-AC0B6DDF4294}.Release|Any CPU.Build.0 = Release|Any CPU
	EndGlobalSection
	GlobalSection(SolutionProperties) = preSolution
		HideSolutionNode = FALSE
	EndGlobalSection
	GlobalSection(ExtensibilityGlobals) = postSolution
		SolutionGuid = {67D8397C-E250-408A-9D4A-4B99D4BA2916}
	EndGlobalSection
EndGlobal
